
Microsoft Visual Studio Solution File, Format Version 12.00
# Visual Studio Version 17
VisualStudioVersion = 17.14.36310.24 d17.14
MinimumVisualStudioVersion = 10.0.40219.1
Project("{FAE04EC0-301F-11D3-BF4B-00C04F79EFBC}") = "UseRedisCache", "UseRedisCache\UseRedisCache.csproj", "{6A029AF5-CF8F-4340-AB51-017AC3B14166}"
EndProject
Global
	GlobalSection(SolutionConfigurationPlatforms) = preSolution
		Debug|Any CPU = Debug|Any CPU
		Release|Any CPU = Release|Any CPU
	EndGlobalSection
	GlobalSection(ProjectConfigurationPlatforms) = postSolution
		{6A029AF5-CF8F-4340-AB51-017AC3B14166}.Debug|Any CPU.ActiveCfg = Debug|Any CPU
		{6A029AF5-CF8F-4340-AB51-017AC3B14166}.Debug|Any CPU.Build.0 = Debug|Any CPU
		{6A029AF5-CF8F-4340-AB51-017AC3B14166}.Release|Any CPU.ActiveCfg = Release|Any CPU
		{6A029AF5-CF8F-4340-AB51-017AC3B14166}.Release|Any CPU.Build.0 = Release|Any CPU
	EndGlobalSection
	GlobalSection(SolutionProperties) = preSolution
		HideSolutionNode = FALSE
	EndGlobalSection
	GlobalSection(ExtensibilityGlobals) = postSolution
		SolutionGuid = {C8E39A21-BDB1-4619-9F3C-7EF4C18DE0C1}
	EndGlobalSection
EndGlobal
